// !$*UTF8*$!
{
	archiveVersion = 1;
	classes = {
	};
	objectVersion = 46;
	objects = {

/* Begin PBXBuildFile section */
		3C1BF47619E8C878006AF7B4 /* Foundation.framework in Frameworks */ = {isa = PBXBuildFile; fileRef = 3C1BF47519E8C878006AF7B4 /* Foundation.framework */; };
		3C1BF47B19E8C878006AF7B4 /* EUExButton.h in CopyFiles */ = {isa = PBXBuildFile; fileRef = 3C1BF47A19E8C878006AF7B4 /* EUExButton.h */; };
		3C1BF47D19E8C878006AF7B4 /* EUExButton.m in Sources */ = {isa = PBXBuildFile; fileRef = 3C1BF47C19E8C878006AF7B4 /* EUExButton.m */; };
		3C1BF4AC19E8CEA9006AF7B4 /* ACButton.m in Sources */ = {isa = PBXBuildFile; fileRef = 3C1BF4AB19E8CEA9006AF7B4 /* ACButton.m */; };
/* End PBXBuildFile section */

/* Begin PBXCopyFilesBuildPhase section */
		3C1BF47019E8C878006AF7B4 /* CopyFiles */ = {
			isa = PBXCopyFilesBuildPhase;
			buildActionMask = 2147483647;
			dstPath = "include/$(PRODUCT_NAME)";
			dstSubfolderSpec = 16;
			files = (
				3C1BF47B19E8C878006AF7B4 /* EUExButton.h in CopyFiles */,
			);
			runOnlyForDeploymentPostprocessing = 0;
		};
/* End PBXCopyFilesBuildPhase section */

/* Begin PBXFileReference section */
		3C1BF47219E8C878006AF7B4 /* libuexButton.a */ = {isa = PBXFileReference; explicitFileType = archive.ar; includeInIndex = 0; path = libuexButton.a; sourceTree = BUILT_PRODUCTS_DIR; };
		3C1BF47519E8C878006AF7B4 /* Foundation.framework */ = {isa = PBXFileReference; lastKnownFileType = wrapper.framework; name = Foundation.framework; path = System/Library/Frameworks/Foundation.framework; sourceTree = SDKROOT; };
		3C1BF47919E8C878006AF7B4 /* EUExButton-Prefix.pch */ = {isa = PBXFileReference; lastKnownFileType = sourcecode.c.h; path = "EUExButton-Prefix.pch"; sourceTree = "<group>"; };
		3C1BF47A19E8C878006AF7B4 /* EUExButton.h */ = {isa = PBXFileReference; lastKnownFileType = sourcecode.c.h; path = EUExButton.h; sourceTree = "<group>"; };
		3C1BF47C19E8C878006AF7B4 /* EUExButton.m */ = {isa = PBXFileReference; lastKnownFileType = sourcecode.c.objc; path = EUExButton.m; sourceTree = "<group>"; };
		3C1BF49C19E8C92E006AF7B4 /* EUExBase.h */ = {isa = PBXFileReference; fileEncoding = 4; lastKnownFileType = sourcecode.c.h; path = EUExBase.h; sourceTree = "<group>"; };
		3C1BF49D19E8C92E006AF7B4 /* EUExBaseDefine.h */ = {isa = PBXFileReference; fileEncoding = 4; lastKnownFileType = sourcecode.c.h; path = EUExBaseDefine.h; sourceTree = "<group>"; };
		3C1BF49E19E8C92E006AF7B4 /* EUtility.h */ = {isa = PBXFileReference; fileEncoding = 4; lastKnownFileType = sourcecode.c.h; path = EUtility.h; sourceTree = "<group>"; };
		3C1BF4A119E8CAC9006AF7B4 /* JSON.h */ = {isa = PBXFileReference; fileEncoding = 4; lastKnownFileType = sourcecode.c.h; path = JSON.h; sourceTree = "<group>"; };
		3C1BF4A219E8CAC9006AF7B4 /* JSONParser.h */ = {isa = PBXFileReference; fileEncoding = 4; lastKnownFileType = sourcecode.c.h; path = JSONParser.h; sourceTree = "<group>"; };
		3C1BF4A319E8CAC9006AF7B4 /* MD5Digest.h */ = {isa = PBXFileReference; fileEncoding = 4; lastKnownFileType = sourcecode.c.h; path = MD5Digest.h; sourceTree = "<group>"; };
		3C1BF4A419E8CAC9006AF7B4 /* NSObject+SBJSON.h */ = {isa = PBXFileReference; fileEncoding = 4; lastKnownFileType = sourcecode.c.h; path = "NSObject+SBJSON.h"; sourceTree = "<group>"; };
		3C1BF4A519E8CAC9006AF7B4 /* NSString+SBJSON.h */ = {isa = PBXFileReference; fileEncoding = 4; lastKnownFileType = sourcecode.c.h; path = "NSString+SBJSON.h"; sourceTree = "<group>"; };
		3C1BF4A619E8CAC9006AF7B4 /* SBJSON.h */ = {isa = PBXFileReference; fileEncoding = 4; lastKnownFileType = sourcecode.c.h; path = SBJSON.h; sourceTree = "<group>"; };
		3C1BF4A719E8CAC9006AF7B4 /* SBJsonBase.h */ = {isa = PBXFileReference; fileEncoding = 4; lastKnownFileType = sourcecode.c.h; path = SBJsonBase.h; sourceTree = "<group>"; };
		3C1BF4A819E8CAC9006AF7B4 /* SBJsonParser.h */ = {isa = PBXFileReference; fileEncoding = 4; lastKnownFileType = sourcecode.c.h; path = SBJsonParser.h; sourceTree = "<group>"; };
		3C1BF4A919E8CAC9006AF7B4 /* SBJsonWriter.h */ = {isa = PBXFileReference; fileEncoding = 4; lastKnownFileType = sourcecode.c.h; path = SBJsonWriter.h; sourceTree = "<group>"; };
		3C1BF4AA19E8CEA9006AF7B4 /* ACButton.h */ = {isa = PBXFileReference; fileEncoding = 4; lastKnownFileType = sourcecode.c.h; path = ACButton.h; sourceTree = "<group>"; };
		3C1BF4AB19E8CEA9006AF7B4 /* ACButton.m */ = {isa = PBXFileReference; fileEncoding = 4; lastKnownFileType = sourcecode.c.objc; path = ACButton.m; sourceTree = "<group>"; };
/* End PBXFileReference section */

/* Begin PBXFrameworksBuildPhase section */
		3C1BF46F19E8C878006AF7B4 /* Frameworks */ = {
			isa = PBXFrameworksBuildPhase;
			buildActionMask = 2147483647;
			files = (
				3C1BF47619E8C878006AF7B4 /* Foundation.framework in Frameworks */,
			);
			runOnlyForDeploymentPostprocessing = 0;
		};
/* End PBXFrameworksBuildPhase section */

/* Begin PBXGroup section */
		3C1BF46919E8C878006AF7B4 = {
			isa = PBXGroup;
			children = (
				3C1BF47719E8C878006AF7B4 /* EUExButton */,
				3C1BF47419E8C878006AF7B4 /* Frameworks */,
				3C1BF47319E8C878006AF7B4 /* Products */,
			);
			sourceTree = "<group>";
		};
		3C1BF47319E8C878006AF7B4 /* Products */ = {
			isa = PBXGroup;
			children = (
				3C1BF47219E8C878006AF7B4 /* libuexButton.a */,
			);
			name = Products;
			sourceTree = "<group>";
		};
		3C1BF47419E8C878006AF7B4 /* Frameworks */ = {
			isa = PBXGroup;
			children = (
				3C1BF47519E8C878006AF7B4 /* Foundation.framework */,
			);
			name = Frameworks;
			sourceTree = "<group>";
		};
		3C1BF47719E8C878006AF7B4 /* EUExButton */ = {
			isa = PBXGroup;
			children = (
				3C1BF49B19E8C92E006AF7B4 /* engineHeader */,
				3C1BF49F19E8C92E006AF7B4 /* sourceCode */,
				3C1BF47A19E8C878006AF7B4 /* EUExButton.h */,
				3C1BF47C19E8C878006AF7B4 /* EUExButton.m */,
				3C1BF47819E8C878006AF7B4 /* Supporting Files */,
			);
			path = EUExButton;
			sourceTree = "<group>";
		};
		3C1BF47819E8C878006AF7B4 /* Supporting Files */ = {
			isa = PBXGroup;
			children = (
				3C1BF47919E8C878006AF7B4 /* EUExButton-Prefix.pch */,
			);
			name = "Supporting Files";
			sourceTree = "<group>";
		};
		3C1BF49B19E8C92E006AF7B4 /* engineHeader */ = {
			isa = PBXGroup;
			children = (
				3C1BF49C19E8C92E006AF7B4 /* EUExBase.h */,
				3C1BF49D19E8C92E006AF7B4 /* EUExBaseDefine.h */,
				3C1BF49E19E8C92E006AF7B4 /* EUtility.h */,
			);
			path = engineHeader;
			sourceTree = "<group>";
		};
		3C1BF49F19E8C92E006AF7B4 /* sourceCode */ = {
			isa = PBXGroup;
			children = (
				3C1BF4A019E8CAC9006AF7B4 /* JSON */,
				3C1BF4AA19E8CEA9006AF7B4 /* ACButton.h */,
				3C1BF4AB19E8CEA9006AF7B4 /* ACButton.m */,
			);
			path = sourceCode;
			sourceTree = "<group>";
		};
		3C1BF4A019E8CAC9006AF7B4 /* JSON */ = {
			isa = PBXGroup;
			children = (
				3C1BF4A119E8CAC9006AF7B4 /* JSON.h */,
				3C1BF4A219E8CAC9006AF7B4 /* JSONParser.h */,
				3C1BF4A319E8CAC9006AF7B4 /* MD5Digest.h */,
				3C1BF4A419E8CAC9006AF7B4 /* NSObject+SBJSON.h */,
				3C1BF4A519E8CAC9006AF7B4 /* NSString+SBJSON.h */,
				3C1BF4A619E8CAC9006AF7B4 /* SBJSON.h */,
				3C1BF4A719E8CAC9006AF7B4 /* SBJsonBase.h */,
				3C1BF4A819E8CAC9006AF7B4 /* SBJsonParser.h */,
				3C1BF4A919E8CAC9006AF7B4 /* SBJsonWriter.h */,
			);
			path = JSON;
			sourceTree = "<group>";
		};
/* End PBXGroup section */

/* Begin PBXNativeTarget section */
		3C1BF47119E8C878006AF7B4 /* EUExButton */ = {
			isa = PBXNativeTarget;
			buildConfigurationList = 3C1BF49519E8C878006AF7B4 /* Build configuration list for PBXNativeTarget "EUExButton" */;
			buildPhases = (
				3C1BF46E19E8C878006AF7B4 /* Sources */,
				3C1BF46F19E8C878006AF7B4 /* Frameworks */,
				3C1BF47019E8C878006AF7B4 /* CopyFiles */,
			);
			buildRules = (
			);
			dependencies = (
			);
			name = EUExButton;
			productName = EUExButton;
			productReference = 3C1BF47219E8C878006AF7B4 /* libuexButton.a */;
			productType = "com.apple.product-type.library.static";
		};
/* End PBXNativeTarget section */

/* Begin PBXProject section */
		3C1BF46A19E8C878006AF7B4 /* Project object */ = {
			isa = PBXProject;
			attributes = {
				LastUpgradeCheck = 0510;
				ORGANIZATIONNAME = com.zywx;
			};
			buildConfigurationList = 3C1BF46D19E8C878006AF7B4 /* Build configuration list for PBXProject "EUExButton" */;
			compatibilityVersion = "Xcode 3.2";
			developmentRegion = English;
			hasScannedForEncodings = 0;
			knownRegions = (
				en,
			);
			mainGroup = 3C1BF46919E8C878006AF7B4;
			productRefGroup = 3C1BF47319E8C878006AF7B4 /* Products */;
			projectDirPath = "";
			projectRoot = "";
			targets = (
				3C1BF47119E8C878006AF7B4 /* EUExButton */,
			);
		};
/* End PBXProject section */

/* Begin PBXSourcesBuildPhase section */
		3C1BF46E19E8C878006AF7B4 /* Sources */ = {
			isa = PBXSourcesBuildPhase;
			buildActionMask = 2147483647;
			files = (
				3C1BF47D19E8C878006AF7B4 /* EUExButton.m in Sources */,
				3C1BF4AC19E8CEA9006AF7B4 /* ACButton.m in Sources */,
			);
			runOnlyForDeploymentPostprocessing = 0;
		};
/* End PBXSourcesBuildPhase section */

/* Begin XCBuildConfiguration section */
		3C1BF49319E8C878006AF7B4 /* Debug */ = {
			isa = XCBuildConfiguration;
			buildSettings = {
				ALWAYS_SEARCH_USER_PATHS = NO;
				CLANG_CXX_LANGUAGE_STANDARD = "gnu++0x";
				CLANG_CXX_LIBRARY = "libc++";
				CLANG_ENABLE_MODULES = YES;
				CLANG_ENABLE_OBJC_ARC = NO;
				CLANG_WARN_BOOL_CONVERSION = YES;
				CLANG_WARN_CONSTANT_CONVERSION = YES;
				CLANG_WARN_DIRECT_OBJC_ISA_USAGE = YES_ERROR;
				CLANG_WARN_EMPTY_BODY = YES;
				CLANG_WARN_ENUM_CONVERSION = YES;
				CLANG_WARN_INT_CONVERSION = YES;
				CLANG_WARN_OBJC_ROOT_CLASS = YES_ERROR;
				CLANG_WARN__DUPLICATE_METHOD_MATCH = YES;
				COPY_PHASE_STRIP = NO;
				GCC_C_LANGUAGE_STANDARD = gnu99;
				GCC_DYNAMIC_NO_PIC = NO;
				GCC_OPTIMIZATION_LEVEL = 0;
				GCC_PREPROCESSOR_DEFINITIONS = (
					"DEBUG=1",
					"$(inherited)",
				);
				GCC_SYMBOLS_PRIVATE_EXTERN = NO;
				GCC_WARN_64_TO_32_BIT_CONVERSION = YES;
				GCC_WARN_ABOUT_RETURN_TYPE = YES_ERROR;
				GCC_WARN_UNDECLARED_SELECTOR = YES;
				GCC_WARN_UNINITIALIZED_AUTOS = YES_AGGRESSIVE;
				GCC_WARN_UNUSED_FUNCTION = YES;
				GCC_WARN_UNUSED_VARIABLE = YES;
				IPHONEOS_DEPLOYMENT_TARGET = 4.3;
				ONLY_ACTIVE_ARCH = YES;
				SDKROOT = iphoneos;
			};
			name = Debug;
		};
		3C1BF49419E8C878006AF7B4 /* Release */ = {
			isa = XCBuildConfiguration;
			buildSettings = {
				ALWAYS_SEARCH_USER_PATHS = NO;
				CLANG_CXX_LANGUAGE_STANDARD = "gnu++0x";
				CLANG_CXX_LIBRARY = "libc++";
				CLANG_ENABLE_MODULES = YES;
				CLANG_ENABLE_OBJC_ARC = NO;
				CLANG_WARN_BOOL_CONVERSION = YES;
				CLANG_WARN_CONSTANT_CONVERSION = YES;
				CLANG_WARN_DIRECT_OBJC_ISA_USAGE = YES_ERROR;
				CLANG_WARN_EMPTY_BODY = YES;
				CLANG_WARN_ENUM_CONVERSION = YES;
				CLANG_WARN_INT_CONVERSION = YES;
				CLANG_WARN_OBJC_ROOT_CLASS = YES_ERROR;
				CLANG_WARN__DUPLICATE_METHOD_MATCH = YES;
				COPY_PHASE_STRIP = YES;
				ENABLE_NS_ASSERTIONS = NO;
				GCC_C_LANGUAGE_STANDARD = gnu99;
				GCC_WARN_64_TO_32_BIT_CONVERSION = YES;
				GCC_WARN_ABOUT_RETURN_TYPE = YES_ERROR;
				GCC_WARN_UNDECLARED_SELECTOR = YES;
				GCC_WARN_UNINITIALIZED_AUTOS = YES_AGGRESSIVE;
				GCC_WARN_UNUSED_FUNCTION = YES;
				GCC_WARN_UNUSED_VARIABLE = YES;
				IPHONEOS_DEPLOYMENT_TARGET = 4.3;
				SDKROOT = iphoneos;
				VALIDATE_PRODUCT = YES;
			};
			name = Release;
		};
		3C1BF49619E8C878006AF7B4 /* Debug */ = {
			isa = XCBuildConfiguration;
			buildSettings = {
				CONFIGURATION_BUILD_DIR = "$(SRCROOT)/uexButton/";
				DSTROOT = /tmp/EUExButton.dst;
				GCC_PRECOMPILE_PREFIX_HEADER = YES;
				GCC_PREFIX_HEADER = "EUExButton/EUExButton-Prefix.pch";
				OTHER_LDFLAGS = "-ObjC";
				PRODUCT_NAME = uexButton;
				SKIP_INSTALL = YES;
			};
			name = Debug;
		};
		3C1BF49719E8C878006AF7B4 /* Release */ = {
			isa = XCBuildConfiguration;
			buildSettings = {
				CONFIGURATION_BUILD_DIR = "$(SRCROOT)/uexButton/";
				DSTROOT = /tmp/EUExButton.dst;
				GCC_PRECOMPILE_PREFIX_HEADER = YES;
				GCC_PREFIX_HEADER = "EUExButton/EUExButton-Prefix.pch";
				OTHER_LDFLAGS = "-ObjC";
				PRODUCT_NAME = uexButton;
				SKIP_INSTALL = YES;
			};
			name = Release;
		};
/* End XCBuildConfiguration section */

/* Begin XCConfigurationList section */
		3C1BF46D19E8C878006AF7B4 /* Build configuration list for PBXProject "EUExButton" */ = {
			isa = XCConfigurationList;
			buildConfigurations = (
				3C1BF49319E8C878006AF7B4 /* Debug */,
				3C1BF49419E8C878006AF7B4 /* Release */,
			);
			defaultConfigurationIsVisible = 0;
			defaultConfigurationName = Release;
		};
		3C1BF49519E8C878006AF7B4 /* Build configuration list for PBXNativeTarget "EUExButton" */ = {
			isa = XCConfigurationList;
			buildConfigurations = (
				3C1BF49619E8C878006AF7B4 /* Debug */,
				3C1BF49719E8C878006AF7B4 /* Release */,
			);
			defaultConfigurationIsVisible = 0;
			defaultConfigurationName = Release;
		};
/* End XCConfigurationList section */
	};
	rootObject = 3C1BF46A19E8C878006AF7B4 /* Project object */;
}
